
Microsoft Visual Studio Solution File, Format Version 12.00
# Visual Studio Version 17
VisualStudioVersion = 17.10.35027.167
MinimumVisualStudioVersion = 10.0.40219.1
Project("{FAE04EC0-301F-11D3-BF4B-00C04F79EFBC}") = "CSharpEducation.GroupProject.ChatMSG", "CSharpEducation.GroupProject.ChatMSG\CSharpEducation.GroupProject.ChatMSG.csproj", "{77C282D0-268B-4EC2-B1A6-23C25CAF512B}"
EndProject
Global
	GlobalSection(SolutionConfigurationPlatforms) = preSolution
		Debug|Any CPU = Debug|Any CPU
		Release|Any CPU = Release|Any CPU
	EndGlobalSection
	GlobalSection(ProjectConfigurationPlatforms) = postSolution
		{77C282D0-268B-4EC2-B1A6-23C25CAF512B}.Debug|Any CPU.ActiveCfg = Debug|Any CPU
		{77C282D0-268B-4EC2-B1A6-23C25CAF512B}.Debug|Any CPU.Build.0 = Debug|Any CPU
		{77C282D0-268B-4EC2-B1A6-23C25CAF512B}.Release|Any CPU.ActiveCfg = Release|Any CPU
		{77C282D0-268B-4EC2-B1A6-23C25CAF512B}.Release|Any CPU.Build.0 = Release|Any CPU
	EndGlobalSection
	GlobalSection(SolutionProperties) = preSolution
		HideSolutionNode = FALSE
	EndGlobalSection
	GlobalSection(ExtensibilityGlobals) = postSolution
		SolutionGuid = {9C011C4C-BDE9-4EE3-B997-E5F33AD0BA9B}
	EndGlobalSection
EndGlobal
